
Microsoft Visual Studio Solution File, Format Version 12.00
# Visual Studio Version 16
VisualStudioVersion = 16.0.29806.167
MinimumVisualStudioVersion = 10.0.40219.1
Project("{FAE04EC0-301F-11D3-BF4B-00C04F79EFBC}") = "WebApplication2", "WebApplication2\WebApplication2.csproj", "{4DA3F2D8-AA0F-47BD-BAB7-D916EEDBFF4F}"
EndProject
Global
	GlobalSection(SolutionConfigurationPlatforms) = preSolution
		Debug|Any CPU = Debug|Any CPU
		Release|Any CPU = Release|Any CPU
	EndGlobalSection
	GlobalSection(ProjectConfigurationPlatforms) = postSolution
		{4DA3F2D8-AA0F-47BD-BAB7-D916EEDBFF4F}.Debug|Any CPU.ActiveCfg = Debug|Any CPU
		{4DA3F2D8-AA0F-47BD-BAB7-D916EEDBFF4F}.Debug|Any CPU.Build.0 = Debug|Any CPU
		{4DA3F2D8-AA0F-47BD-BAB7-D916EEDBFF4F}.Release|Any CPU.ActiveCfg = Release|Any CPU
		{4DA3F2D8-AA0F-47BD-BAB7-D916EEDBFF4F}.Release|Any CPU.Build.0 = Release|Any CPU
	EndGlobalSection
	GlobalSection(SolutionProperties) = preSolution
		HideSolutionNode = FALSE
	EndGlobalSection
	GlobalSection(ExtensibilityGlobals) = postSolution
		SolutionGuid = {C06301E4-593E-4C8C-A9D0-0C0AEACE8178}
	EndGlobalSection
EndGlobal
